
Microsoft Visual Studio Solution File, Format Version 12.00
# Visual Studio 15
VisualStudioVersion = 15.0.28307.852
MinimumVisualStudioVersion = 10.0.40219.1
Project("{FAE04EC0-301F-11D3-BF4B-00C04F79EFBC}") = "Service", "Service\Service.csproj", "{52891039-28BC-4A31-BC9E-2C8404C16ADB}"
EndProject
Project("{FAE04EC0-301F-11D3-BF4B-00C04F79EFBC}") = "View", "View\View.csproj", "{1C25D632-A950-4AF8-9D59-4925B3D8FD21}"
EndProject
Project("{FAE04EC0-301F-11D3-BF4B-00C04F79EFBC}") = "Model", "Model\Model.csproj", "{E9A46CA2-9890-40C0-BB10-D635537FAD83}"
EndProject
Project("{FAE04EC0-301F-11D3-BF4B-00C04F79EFBC}") = "ModelTest", "ModelTest\ModelTest.csproj", "{09641A7B-6DD3-4FA3-88A4-DD215A9498DF}"
EndProject
Global
	GlobalSection(SolutionConfigurationPlatforms) = preSolution
		Debug|Any CPU = Debug|Any CPU
		Release|Any CPU = Release|Any CPU
	EndGlobalSection
	GlobalSection(ProjectConfigurationPlatforms) = postSolution
		{52891039-28BC-4A31-BC9E-2C8404C16ADB}.Debug|Any CPU.ActiveCfg = Debug|Any CPU
		{52891039-28BC-4A31-BC9E-2C8404C16ADB}.Debug|Any CPU.Build.0 = Debug|Any CPU
		{52891039-28BC-4A31-BC9E-2C8404C16ADB}.Release|Any CPU.ActiveCfg = Release|Any CPU
		{52891039-28BC-4A31-BC9E-2C8404C16ADB}.Release|Any CPU.Build.0 = Release|Any CPU
		{1C25D632-A950-4AF8-9D59-4925B3D8FD21}.Debug|Any CPU.ActiveCfg = Debug|Any CPU
		{1C25D632-A950-4AF8-9D59-4925B3D8FD21}.Debug|Any CPU.Build.0 = Debug|Any CPU
		{1C25D632-A950-4AF8-9D59-4925B3D8FD21}.Release|Any CPU.ActiveCfg = Release|Any CPU
		{1C25D632-A950-4AF8-9D59-4925B3D8FD21}.Release|Any CPU.Build.0 = Release|Any CPU
		{E9A46CA2-9890-40C0-BB10-D635537FAD83}.Debug|Any CPU.ActiveCfg = Debug|Any CPU
		{E9A46CA2-9890-40C0-BB10-D635537FAD83}.Debug|Any CPU.Build.0 = Debug|Any CPU
		{E9A46CA2-9890-40C0-BB10-D635537FAD83}.Release|Any CPU.ActiveCfg = Release|Any CPU
		{E9A46CA2-9890-40C0-BB10-D635537FAD83}.Release|Any CPU.Build.0 = Release|Any CPU
		{09641A7B-6DD3-4FA3-88A4-DD215A9498DF}.Debug|Any CPU.ActiveCfg = Debug|Any CPU
		{09641A7B-6DD3-4FA3-88A4-DD215A9498DF}.Debug|Any CPU.Build.0 = Debug|Any CPU
		{09641A7B-6DD3-4FA3-88A4-DD215A9498DF}.Release|Any CPU.ActiveCfg = Release|Any CPU
		{09641A7B-6DD3-4FA3-88A4-DD215A9498DF}.Release|Any CPU.Build.0 = Release|Any CPU
	EndGlobalSection
	GlobalSection(SolutionProperties) = preSolution
		HideSolutionNode = FALSE
	EndGlobalSection
	GlobalSection(ExtensibilityGlobals) = postSolution
		SolutionGuid = {ED2A2053-250A-4143-B7FB-510F19F54819}
	EndGlobalSection
EndGlobal
